
Microsoft Visual Studio Solution File, Format Version 12.00
# Visual Studio Version 16
VisualStudioVersion = 16.0.31112.23
MinimumVisualStudioVersion = 10.0.40219.1
Project("{FAE04EC0-301F-11D3-BF4B-00C04F79EFBC}") = "ControleDeVacinacaoBovina", "ControleDeVacinacaoBovina.csproj", "{0A962278-C6C9-4D2D-B6D5-A574E1678B47}"
EndProject
Global
	GlobalSection(SolutionConfigurationPlatforms) = preSolution
		Debug|Any CPU = Debug|Any CPU
		Release|Any CPU = Release|Any CPU
	EndGlobalSection
	GlobalSection(ProjectConfigurationPlatforms) = postSolution
		{0A962278-C6C9-4D2D-B6D5-A574E1678B47}.Debug|Any CPU.ActiveCfg = Debug|Any CPU
		{0A962278-C6C9-4D2D-B6D5-A574E1678B47}.Debug|Any CPU.Build.0 = Debug|Any CPU
		{0A962278-C6C9-4D2D-B6D5-A574E1678B47}.Release|Any CPU.ActiveCfg = Release|Any CPU
		{0A962278-C6C9-4D2D-B6D5-A574E1678B47}.Release|Any CPU.Build.0 = Release|Any CPU
	EndGlobalSection
	GlobalSection(SolutionProperties) = preSolution
		HideSolutionNode = FALSE
	EndGlobalSection
	GlobalSection(ExtensibilityGlobals) = postSolution
		SolutionGuid = {A80E4ABB-A099-46F4-9FAF-95F9DBEFD63C}
	EndGlobalSection
EndGlobal
